
Microsoft Visual Studio Solution File, Format Version 12.00
# Visual Studio Version 17
VisualStudioVersion = 17.10.35122.118
MinimumVisualStudioVersion = 10.0.40219.1
Project("{FAE04EC0-301F-11D3-BF4B-00C04F79EFBC}") = "QuanLyNhanVien", "QuanLyNhanVien\QuanLyNhanVien.csproj", "{BEC56D17-88CA-435B-8AC9-76507E814494}"
EndProject
Global
	GlobalSection(SolutionConfigurationPlatforms) = preSolution
		Debug|Any CPU = Debug|Any CPU
		Release|Any CPU = Release|Any CPU
	EndGlobalSection
	GlobalSection(ProjectConfigurationPlatforms) = postSolution
		{BEC56D17-88CA-435B-8AC9-76507E814494}.Debug|Any CPU.ActiveCfg = Debug|Any CPU
		{BEC56D17-88CA-435B-8AC9-76507E814494}.Debug|Any CPU.Build.0 = Debug|Any CPU
		{BEC56D17-88CA-435B-8AC9-76507E814494}.Release|Any CPU.ActiveCfg = Release|Any CPU
		{BEC56D17-88CA-435B-8AC9-76507E814494}.Release|Any CPU.Build.0 = Release|Any CPU
	EndGlobalSection
	GlobalSection(SolutionProperties) = preSolution
		HideSolutionNode = FALSE
	EndGlobalSection
	GlobalSection(ExtensibilityGlobals) = postSolution
		SolutionGuid = {D1FAF185-C0D9-48C2-98CD-139E261BCACD}
	EndGlobalSection
EndGlobal
